{
  "version": 4,
  "terraform_version": "1.9.8",
  "serial": 6,
  "lineage": "b11ef46d-2b05-b3f3-d582-6a8b91c99681",
  "outputs": {
    "cluster_info": {
      "value": {
        "control_plane_init": "control-plane-1",
        "control_plane_join": [
          "control-plane-2",
          "control-plane-3"
        ],
        "haproxy": [
          "haproxy-1",
          "haproxy-2"
        ],
        "virtual_ip": "10.191.182.100",
        "workers": [
          "worker-1",
          "worker-2",
          "worker-3"
        ]
      },
      "type": [
        "object",
        {
          "control_plane_init": "string",
          "control_plane_join": [
            "tuple",
            [
              "string",
              "string"
            ]
          ],
          "haproxy": [
            "tuple",
            [
              "string",
              "string"
            ]
          ],
          "virtual_ip": "string",
          "workers": [
            "tuple",
            [
              "string",
              "string",
              "string"
            ]
          ]
        }
      ]
    },
    "control_plane_init_ip": {
      "value": "control-plane-1",
      "type": "string"
    },
    "control_plane_join_ips": {
      "value": [
        "control-plane-2",
        "control-plane-3"
      ],
      "type": [
        "tuple",
        [
          "string",
          "string"
        ]
      ]
    },
    "get_ips_command": {
      "value": "./get_cluster_ips.sh",
      "type": "string"
    },
    "haproxy_ips": {
      "value": [
        "haproxy-1",
        "haproxy-2"
      ],
      "type": [
        "tuple",
        [
          "string",
          "string"
        ]
      ]
    },
    "kubeconfig_command": {
      "value": "multipass exec control-plane-1 -- sudo cat /etc/kubernetes/admin.conf \u003e ~/.kube/config",
      "type": "string"
    },
    "worker_ips": {
      "value": [
        "worker-1",
        "worker-2",
        "worker-3"
      ],
      "type": [
        "tuple",
        [
          "string",
          "string",
          "string"
        ]
      ]
    }
  },
  "resources": [
    {
      "mode": "managed",
      "type": "local_file",
      "name": "get_ips_script",
      "provider": "provider[\"registry.terraform.io/hashicorp/local\"]",
      "instances": [
        {
          "schema_version": 0,
          "attributes": {
            "content": "#!/bin/bash\necho \"Control Plane Init: $(multipass info control-plane-1 | grep IPv4 | awk '{print $2}')\"\necho \"Control Plane Join: $(multipass info control-plane-2 | grep IPv4 | awk '{print $2}'), $(multipass info control-plane-3 | grep IPv4 | awk '{print $2}')\"\necho \"Workers: $(multipass info worker-1 | grep IPv4 | awk '{print $2}'), $(multipass info worker-2 | grep IPv4 | awk '{print $2}'), $(multipass info worker-3 | grep IPv4 | awk '{print $2}')\"\necho \"HAProxy: $(multipass info haproxy-1 | grep IPv4 | awk '{print $2}'), $(multipass info haproxy-2 | grep IPv4 | awk '{print $2}')\"\n",
            "content_base64": null,
            "content_base64sha256": "DuT1qDlvAZb6Lz4H3cWqUw/Pr+FDGKdmyBzKB12OucU=",
            "content_base64sha512": "ftcXo8qRTl8OPye+bL0X0VTcy+6Y4cM1DrPPyj/2xzs8LfBm4IXKuXO0DIPQ/5aouo2c8G2zZ6q7GdqiSoU7TQ==",
            "content_md5": "845766351b834fd6ab0964cfa1008363",
            "content_sha1": "c2d9692fb3027709ed9572cc22cb9128eee29f22",
            "content_sha256": "0ee4f5a8396f0196fa2f3e07ddc5aa530fcfafe14318a766c81cca075d8eb9c5",
            "content_sha512": "7ed717a3ca914e5f0e3f27be6cbd17d154dccbee98e1c3350eb3cfca3ff6c73b3c2df066e085cab973b40c83d0ff96a8ba8d9cf06db367aabb19daa24a853b4d",
            "directory_permission": "0777",
            "file_permission": "0777",
            "filename": "get_cluster_ips.sh",
            "id": "c2d9692fb3027709ed9572cc22cb9128eee29f22",
            "sensitive_content": null,
            "source": null
          },
          "sensitive_attributes": [
            [
              {
                "type": "get_attr",
                "value": "sensitive_content"
              }
            ]
          ]
        }
      ]
    },
    {
      "mode": "managed",
      "type": "multipass_instance",
      "name": "haproxy",
      "provider": "provider[\"registry.terraform.io/larstobi/multipass\"]",
      "instances": [
        {
          "index_key": 0,
          "schema_version": 0,
          "attributes": {
            "cloudinit_file": "haproxy-init.yaml",
            "cpus": 1,
            "disk": "10GiB",
            "image": "22.04",
            "memory": "1GiB",
            "name": "haproxy-1"
          },
          "sensitive_attributes": []
        },
        {
          "index_key": 1,
          "schema_version": 0,
          "attributes": {
            "cloudinit_file": "haproxy-init.yaml",
            "cpus": 1,
            "disk": "10GiB",
            "image": "22.04",
            "memory": "1GiB",
            "name": "haproxy-2"
          },
          "sensitive_attributes": []
        }
      ]
    },
    {
      "mode": "managed",
      "type": "null_resource",
      "name": "make_script_executable",
      "provider": "provider[\"registry.terraform.io/hashicorp/null\"]",
      "instances": [
        {
          "schema_version": 0,
          "attributes": {
            "id": "6228871021481911047",
            "triggers": null
          },
          "sensitive_attributes": [],
          "dependencies": [
            "local_file.get_ips_script"
          ]
        }
      ]
    }
  ],
  "check_results": null
}
